
Microsoft Visual Studio Solution File, Format Version 12.00
# Visual Studio Version 16
VisualStudioVersion = 16.0.30611.23
MinimumVisualStudioVersion = 10.0.40219.1
Project("{FAE04EC0-301F-11D3-BF4B-00C04F79EFBC}") = "Quiz001", "Quiz001\Quiz001.csproj", "{9A1DB18B-A00B-4457-9E81-8B07C605CE50}"
EndProject
Project("{FAE04EC0-301F-11D3-BF4B-00C04F79EFBC}") = "UnitTestProject1", "UnitTestProject1\UnitTestProject1.csproj", "{955C37AF-5C08-4FCB-843A-56D45C7A89FB}"
EndProject
Global
	GlobalSection(SolutionConfigurationPlatforms) = preSolution
		Debug|Any CPU = Debug|Any CPU
		Release|Any CPU = Release|Any CPU
	EndGlobalSection
	GlobalSection(ProjectConfigurationPlatforms) = postSolution
		{9A1DB18B-A00B-4457-9E81-8B07C605CE50}.Debug|Any CPU.ActiveCfg = Debug|Any CPU
		{9A1DB18B-A00B-4457-9E81-8B07C605CE50}.Debug|Any CPU.Build.0 = Debug|Any CPU
		{9A1DB18B-A00B-4457-9E81-8B07C605CE50}.Release|Any CPU.ActiveCfg = Release|Any CPU
		{9A1DB18B-A00B-4457-9E81-8B07C605CE50}.Release|Any CPU.Build.0 = Release|Any CPU
		{955C37AF-5C08-4FCB-843A-56D45C7A89FB}.Debug|Any CPU.ActiveCfg = Debug|Any CPU
		{955C37AF-5C08-4FCB-843A-56D45C7A89FB}.Debug|Any CPU.Build.0 = Debug|Any CPU
		{955C37AF-5C08-4FCB-843A-56D45C7A89FB}.Release|Any CPU.ActiveCfg = Release|Any CPU
		{955C37AF-5C08-4FCB-843A-56D45C7A89FB}.Release|Any CPU.Build.0 = Release|Any CPU
	EndGlobalSection
	GlobalSection(SolutionProperties) = preSolution
		HideSolutionNode = FALSE
	EndGlobalSection
	GlobalSection(ExtensibilityGlobals) = postSolution
		SolutionGuid = {F738FCE7-281F-44F9-88CA-C7ECB343EE12}
	EndGlobalSection
EndGlobal
