
Microsoft Visual Studio Solution File, Format Version 12.00
# Visual Studio Version 16
VisualStudioVersion = 16.0.30611.23
MinimumVisualStudioVersion = 10.0.40219.1
Project("{FAE04EC0-301F-11D3-BF4B-00C04F79EFBC}") = "DotNetCoreTest", "DotNetCoreTest.csproj", "{C0D3A1EB-1125-47E2-BE6B-C361367245FA}"
EndProject
Global
	GlobalSection(SolutionConfigurationPlatforms) = preSolution
		Debug|Any CPU = Debug|Any CPU
		Release|Any CPU = Release|Any CPU
	EndGlobalSection
	GlobalSection(ProjectConfigurationPlatforms) = postSolution
		{C0D3A1EB-1125-47E2-BE6B-C361367245FA}.Debug|Any CPU.ActiveCfg = Debug|Any CPU
		{C0D3A1EB-1125-47E2-BE6B-C361367245FA}.Debug|Any CPU.Build.0 = Debug|Any CPU
		{C0D3A1EB-1125-47E2-BE6B-C361367245FA}.Release|Any CPU.ActiveCfg = Release|Any CPU
		{C0D3A1EB-1125-47E2-BE6B-C361367245FA}.Release|Any CPU.Build.0 = Release|Any CPU
	EndGlobalSection
	GlobalSection(SolutionProperties) = preSolution
		HideSolutionNode = FALSE
	EndGlobalSection
	GlobalSection(ExtensibilityGlobals) = postSolution
		SolutionGuid = {8E25AE97-B1F7-43D1-905F-660303A5FCAC}
	EndGlobalSection
EndGlobal
